{
  "version": 4,
  "terraform_version": "0.15.1",
  "serial": 7,
  "lineage": "f005d454-9fd9-6189-3700-c16e0958b88a",
  "outputs": {},
  "resources": [
    {
      "mode": "data",
      "type": "vsphere_compute_cluster",
      "name": "cluster",
      "provider": "provider[\"registry.terraform.io/hashicorp/vsphere\"]",
      "instances": [
        {
          "schema_version": 0,
          "attributes": {
            "datacenter_id": "datacenter-3",
            "id": "domain-c8",
            "name": "GUINEE",
            "resource_pool_id": "resgroup-9"
          },
          "sensitive_attributes": []
        }
      ]
    },
    {
      "mode": "data",
      "type": "vsphere_datacenter",
      "name": "dc",
      "provider": "provider[\"registry.terraform.io/hashicorp/vsphere\"]",
      "instances": [
        {
          "schema_version": 0,
          "attributes": {
            "id": "datacenter-3",
            "name": "WURI-DC"
          },
          "sensitive_attributes": []
        }
      ]
    },
    {
      "mode": "data",
      "type": "vsphere_datastore",
      "name": "datastore",
      "provider": "provider[\"registry.terraform.io/hashicorp/vsphere\"]",
      "instances": [
        {
          "schema_version": 0,
          "attributes": {
            "datacenter_id": "datacenter-3",
            "id": "datastore-71",
            "name": "datastoreHote1"
          },
          "sensitive_attributes": []
        }
      ]
    },
    {
      "mode": "data",
      "type": "vsphere_network",
      "name": "network",
      "provider": "provider[\"registry.terraform.io/hashicorp/vsphere\"]",
      "instances": [
        {
          "schema_version": 0,
          "attributes": {
            "datacenter_id": "datacenter-3",
            "distributed_virtual_switch_uuid": null,
            "id": "network-72",
            "name": "VMKernel",
            "type": "Network"
          },
          "sensitive_attributes": []
        }
      ]
    },
    {
      "mode": "managed",
      "type": "vsphere_folder",
      "name": "dmz_nodes",
      "provider": "provider[\"registry.terraform.io/hashicorp/vsphere\"]",
      "instances": [
        {
          "schema_version": 1,
          "attributes": {
            "custom_attributes": null,
            "datacenter_id": "datacenter-3",
            "id": "group-v131",
            "path": "mosip-test-env/k8s-vm/dmz-nodes",
            "tags": null,
            "type": "vm"
          },
          "sensitive_attributes": [],
          "private": "eyJzY2hlbWFfdmVyc2lvbiI6IjEifQ==",
          "dependencies": [
            "data.vsphere_datacenter.dc",
            "vsphere_folder.k8s_vm",
            "vsphere_folder.parent"
          ]
        }
      ]
    },
    {
      "mode": "managed",
      "type": "vsphere_folder",
      "name": "extra_vm",
      "provider": "provider[\"registry.terraform.io/hashicorp/vsphere\"]",
      "instances": [
        {
          "schema_version": 1,
          "attributes": {
            "custom_attributes": null,
            "datacenter_id": "datacenter-3",
            "id": "group-v130",
            "path": "mosip-test-env/extra-vm",
            "tags": null,
            "type": "vm"
          },
          "sensitive_attributes": [],
          "private": "eyJzY2hlbWFfdmVyc2lvbiI6IjEifQ==",
          "dependencies": [
            "data.vsphere_datacenter.dc",
            "vsphere_folder.parent"
          ]
        }
      ]
    },
    {
      "mode": "managed",
      "type": "vsphere_folder",
      "name": "k8s_vm",
      "provider": "provider[\"registry.terraform.io/hashicorp/vsphere\"]",
      "instances": [
        {
          "schema_version": 1,
          "attributes": {
            "custom_attributes": null,
            "datacenter_id": "datacenter-3",
            "id": "group-v129",
            "path": "mosip-test-env/k8s-vm",
            "tags": null,
            "type": "vm"
          },
          "sensitive_attributes": [],
          "private": "eyJzY2hlbWFfdmVyc2lvbiI6IjEifQ==",
          "dependencies": [
            "data.vsphere_datacenter.dc",
            "vsphere_folder.parent"
          ]
        }
      ]
    },
    {
      "mode": "managed",
      "type": "vsphere_folder",
      "name": "masters",
      "provider": "provider[\"registry.terraform.io/hashicorp/vsphere\"]",
      "instances": [
        {
          "schema_version": 1,
          "attributes": {
            "custom_attributes": null,
            "datacenter_id": "datacenter-3",
            "id": "group-v133",
            "path": "mosip-test-env/k8s-vm/masters",
            "tags": null,
            "type": "vm"
          },
          "sensitive_attributes": [],
          "private": "eyJzY2hlbWFfdmVyc2lvbiI6IjEifQ==",
          "dependencies": [
            "data.vsphere_datacenter.dc",
            "vsphere_folder.k8s_vm",
            "vsphere_folder.parent"
          ]
        }
      ]
    },
    {
      "mode": "managed",
      "type": "vsphere_folder",
      "name": "mz_nodes",
      "provider": "provider[\"registry.terraform.io/hashicorp/vsphere\"]",
      "instances": [
        {
          "schema_version": 1,
          "attributes": {
            "custom_attributes": null,
            "datacenter_id": "datacenter-3",
            "id": "group-v132",
            "path": "mosip-test-env/k8s-vm/mz-nodes",
            "tags": null,
            "type": "vm"
          },
          "sensitive_attributes": [],
          "private": "eyJzY2hlbWFfdmVyc2lvbiI6IjEifQ==",
          "dependencies": [
            "data.vsphere_datacenter.dc",
            "vsphere_folder.k8s_vm",
            "vsphere_folder.parent"
          ]
        }
      ]
    },
    {
      "mode": "managed",
      "type": "vsphere_folder",
      "name": "parent",
      "provider": "provider[\"registry.terraform.io/hashicorp/vsphere\"]",
      "instances": [
        {
          "schema_version": 1,
          "attributes": {
            "custom_attributes": null,
            "datacenter_id": "datacenter-3",
            "id": "group-v128",
            "path": "mosip-test-env",
            "tags": null,
            "type": "vm"
          },
          "sensitive_attributes": [],
          "private": "eyJzY2hlbWFfdmVyc2lvbiI6IjEifQ==",
          "dependencies": [
            "data.vsphere_datacenter.dc"
          ]
        }
      ]
    }
  ]
}
